
Microsoft Visual Studio Solution File, Format Version 12.00
# Visual Studio Version 17
VisualStudioVersion = 17.5.002.0
MinimumVisualStudioVersion = 10.0.40219.1
Project("{9A19103F-16F7-4668-BE54-9A1E7A4F7556}") = "ShepardsPie", "ShepardsPie.csproj", "{C578A13E-E2CB-4E5A-996B-1AD412AF8369}"
EndProject
Global
	GlobalSection(SolutionConfigurationPlatforms) = preSolution
		Debug|Any CPU = Debug|Any CPU
		Release|Any CPU = Release|Any CPU
	EndGlobalSection
	GlobalSection(ProjectConfigurationPlatforms) = postSolution
		{C578A13E-E2CB-4E5A-996B-1AD412AF8369}.Debug|Any CPU.ActiveCfg = Debug|Any CPU
		{C578A13E-E2CB-4E5A-996B-1AD412AF8369}.Debug|Any CPU.Build.0 = Debug|Any CPU
		{C578A13E-E2CB-4E5A-996B-1AD412AF8369}.Release|Any CPU.ActiveCfg = Release|Any CPU
		{C578A13E-E2CB-4E5A-996B-1AD412AF8369}.Release|Any CPU.Build.0 = Release|Any CPU
	EndGlobalSection
	GlobalSection(SolutionProperties) = preSolution
		HideSolutionNode = FALSE
	EndGlobalSection
	GlobalSection(ExtensibilityGlobals) = postSolution
		SolutionGuid = {842E797A-912D-49C5-AB0A-C25B81A0ED46}
	EndGlobalSection
EndGlobal
